
Microsoft Visual Studio Solution File, Format Version 12.00
# Visual Studio 15
VisualStudioVersion = 15.0.28307.271
MinimumVisualStudioVersion = 10.0.40219.1
Project("{FAE04EC0-301F-11D3-BF4B-00C04F79EFBC}") = "SankeyForOffice.ExcelWebAddInWebWeb", "SankeyForOffice.ExcelWebAddInWebWeb\SankeyForOffice.ExcelWebAddInWebWeb.csproj", "{2DE267AB-1C0D-484A-BF90-92CC8AFCA531}"
EndProject
Project("{FAE04EC0-301F-11D3-BF4B-00C04F79EFBC}") = "SankeyForOffice.ExcelWebAddInWebWebWeb", "SankeyForOffice.ExcelWebAddInWebWebWeb\SankeyForOffice.ExcelWebAddInWebWebWeb.csproj", "{568CE53F-922A-4A9F-8561-5B69631BD7BA}"
EndProject
Global
	GlobalSection(SolutionConfigurationPlatforms) = preSolution
		Debug|Any CPU = Debug|Any CPU
		Release|Any CPU = Release|Any CPU
	EndGlobalSection
	GlobalSection(ProjectConfigurationPlatforms) = postSolution
		{2DE267AB-1C0D-484A-BF90-92CC8AFCA531}.Debug|Any CPU.ActiveCfg = Debug|Any CPU
		{2DE267AB-1C0D-484A-BF90-92CC8AFCA531}.Debug|Any CPU.Build.0 = Debug|Any CPU
		{2DE267AB-1C0D-484A-BF90-92CC8AFCA531}.Debug|Any CPU.Deploy.0 = Debug|Any CPU
		{2DE267AB-1C0D-484A-BF90-92CC8AFCA531}.Release|Any CPU.ActiveCfg = Release|Any CPU
		{2DE267AB-1C0D-484A-BF90-92CC8AFCA531}.Release|Any CPU.Build.0 = Release|Any CPU
		{2DE267AB-1C0D-484A-BF90-92CC8AFCA531}.Release|Any CPU.Deploy.0 = Release|Any CPU
		{568CE53F-922A-4A9F-8561-5B69631BD7BA}.Debug|Any CPU.ActiveCfg = Debug|Any CPU
		{568CE53F-922A-4A9F-8561-5B69631BD7BA}.Debug|Any CPU.Build.0 = Debug|Any CPU
		{568CE53F-922A-4A9F-8561-5B69631BD7BA}.Release|Any CPU.ActiveCfg = Release|Any CPU
		{568CE53F-922A-4A9F-8561-5B69631BD7BA}.Release|Any CPU.Build.0 = Release|Any CPU
	EndGlobalSection
	GlobalSection(SolutionProperties) = preSolution
		HideSolutionNode = FALSE
	EndGlobalSection
	GlobalSection(ExtensibilityGlobals) = postSolution
		SolutionGuid = {4BCC8842-B5F2-4B88-AC84-999D2867D512}
	EndGlobalSection
EndGlobal
